// !$*UTF8*$!
{
	archiveVersion = 1;
	classes = {
	};
	objectVersion = 46;
	objects = {

/* Begin PBXBuildFile section */
		3C3178801CAE0FD900534284 /* AppDelegate.swift in Sources */ = {isa = PBXBuildFile; fileRef = 3C31787F1CAE0FD900534284 /* AppDelegate.swift */; };
		3C3178821CAE0FD900534284 /* ViewController.swift in Sources */ = {isa = PBXBuildFile; fileRef = 3C3178811CAE0FD900534284 /* ViewController.swift */; };
		3C3178851CAE0FD900534284 /* Main.storyboard in Resources */ = {isa = PBXBuildFile; fileRef = 3C3178831CAE0FD900534284 /* Main.storyboard */; };
		3C3178871CAE0FD900534284 /* Images.xcassets in Resources */ = {isa = PBXBuildFile; fileRef = 3C3178861CAE0FD900534284 /* Images.xcassets */; };
		3C31788A1CAE0FD900534284 /* LaunchScreen.xib in Resources */ = {isa = PBXBuildFile; fileRef = 3C3178881CAE0FD900534284 /* LaunchScreen.xib */; };
		3C3178961CAE0FD900534284 /* SuperCoolTests.swift in Sources */ = {isa = PBXBuildFile; fileRef = 3C3178951CAE0FD900534284 /* SuperCoolTests.swift */; };
/* End PBXBuildFile section */

/* Begin PBXContainerItemProxy section */
		3C3178901CAE0FD900534284 /* PBXContainerItemProxy */ = {
			isa = PBXContainerItemProxy;
			containerPortal = 3C3178721CAE0FD800534284 /* Project object */;
			proxyType = 1;
			remoteGlobalIDString = 3C3178791CAE0FD800534284;
			remoteInfo = SuperCool;
		};
/* End PBXContainerItemProxy section */

/* Begin PBXFileReference section */
		3C31787A1CAE0FD800534284 /* SuperCool.app */ = {isa = PBXFileReference; explicitFileType = wrapper.application; includeInIndex = 0; path = SuperCool.app; sourceTree = BUILT_PRODUCTS_DIR; };
		3C31787E1CAE0FD900534284 /* Info.plist */ = {isa = PBXFileReference; lastKnownFileType = text.plist.xml; path = Info.plist; sourceTree = "<group>"; };
		3C31787F1CAE0FD900534284 /* AppDelegate.swift */ = {isa = PBXFileReference; lastKnownFileType = sourcecode.swift; path = AppDelegate.swift; sourceTree = "<group>"; };
		3C3178811CAE0FD900534284 /* ViewController.swift */ = {isa = PBXFileReference; lastKnownFileType = sourcecode.swift; path = ViewController.swift; sourceTree = "<group>"; };
		3C3178841CAE0FD900534284 /* Base */ = {isa = PBXFileReference; lastKnownFileType = file.storyboard; name = Base; path = Base.lproj/Main.storyboard; sourceTree = "<group>"; };
		3C3178861CAE0FD900534284 /* Images.xcassets */ = {isa = PBXFileReference; lastKnownFileType = folder.assetcatalog; path = Images.xcassets; sourceTree = "<group>"; };
		3C3178891CAE0FD900534284 /* Base */ = {isa = PBXFileReference; lastKnownFileType = file.xib; name = Base; path = Base.lproj/LaunchScreen.xib; sourceTree = "<group>"; };
		3C31788F1CAE0FD900534284 /* SuperCoolTests.xctest */ = {isa = PBXFileReference; explicitFileType = wrapper.cfbundle; includeInIndex = 0; path = SuperCoolTests.xctest; sourceTree = BUILT_PRODUCTS_DIR; };
		3C3178941CAE0FD900534284 /* Info.plist */ = {isa = PBXFileReference; lastKnownFileType = text.plist.xml; path = Info.plist; sourceTree = "<group>"; };
		3C3178951CAE0FD900534284 /* SuperCoolTests.swift */ = {isa = PBXFileReference; lastKnownFileType = sourcecode.swift; path = SuperCoolTests.swift; sourceTree = "<group>"; };
/* End PBXFileReference section */

/* Begin PBXFrameworksBuildPhase section */
		3C3178771CAE0FD800534284 /* Frameworks */ = {
			isa = PBXFrameworksBuildPhase;
			buildActionMask = 2147483647;
			files = (
			);
			runOnlyForDeploymentPostprocessing = 0;
		};
		3C31788C1CAE0FD900534284 /* Frameworks */ = {
			isa = PBXFrameworksBuildPhase;
			buildActionMask = 2147483647;
			files = (
			);
			runOnlyForDeploymentPostprocessing = 0;
		};
/* End PBXFrameworksBuildPhase section */

/* Begin PBXGroup section */
		3C3178711CAE0FD800534284 = {
			isa = PBXGroup;
			children = (
				3C31787C1CAE0FD800534284 /* SuperCool */,
				3C3178921CAE0FD900534284 /* SuperCoolTests */,
				3C31787B1CAE0FD800534284 /* Products */,
			);
			sourceTree = "<group>";
		};
		3C31787B1CAE0FD800534284 /* Products */ = {
			isa = PBXGroup;
			children = (
				3C31787A1CAE0FD800534284 /* SuperCool.app */,
				3C31788F1CAE0FD900534284 /* SuperCoolTests.xctest */,
			);
			name = Products;
			sourceTree = "<group>";
		};
		3C31787C1CAE0FD800534284 /* SuperCool */ = {
			isa = PBXGroup;
			children = (
				3C31787F1CAE0FD900534284 /* AppDelegate.swift */,
				3C3178811CAE0FD900534284 /* ViewController.swift */,
				3C3178831CAE0FD900534284 /* Main.storyboard */,
				3C3178861CAE0FD900534284 /* Images.xcassets */,
				3C3178881CAE0FD900534284 /* LaunchScreen.xib */,
				3C31787D1CAE0FD900534284 /* Supporting Files */,
			);
			path = SuperCool;
			sourceTree = "<group>";
		};
		3C31787D1CAE0FD900534284 /* Supporting Files */ = {
			isa = PBXGroup;
			children = (
				3C31787E1CAE0FD900534284 /* Info.plist */,
			);
			name = "Supporting Files";
			sourceTree = "<group>";
		};
		3C3178921CAE0FD900534284 /* SuperCoolTests */ = {
			isa = PBXGroup;
			children = (
				3C3178951CAE0FD900534284 /* SuperCoolTests.swift */,
				3C3178931CAE0FD900534284 /* Supporting Files */,
			);
			path = SuperCoolTests;
			sourceTree = "<group>";
		};
		3C3178931CAE0FD900534284 /* Supporting Files */ = {
			isa = PBXGroup;
			children = (
				3C3178941CAE0FD900534284 /* Info.plist */,
			);
			name = "Supporting Files";
			sourceTree = "<group>";
		};
/* End PBXGroup section */

/* Begin PBXNativeTarget section */
		3C3178791CAE0FD800534284 /* SuperCool */ = {
			isa = PBXNativeTarget;
			buildConfigurationList = 3C3178991CAE0FD900534284 /* Build configuration list for PBXNativeTarget "SuperCool" */;
			buildPhases = (
				3C3178761CAE0FD800534284 /* Sources */,
				3C3178771CAE0FD800534284 /* Frameworks */,
				3C3178781CAE0FD800534284 /* Resources */,
			);
			buildRules = (
			);
			dependencies = (
			);
			name = SuperCool;
			productName = SuperCool;
			productReference = 3C31787A1CAE0FD800534284 /* SuperCool.app */;
			productType = "com.apple.product-type.application";
		};
		3C31788E1CAE0FD900534284 /* SuperCoolTests */ = {
			isa = PBXNativeTarget;
			buildConfigurationList = 3C31789C1CAE0FD900534284 /* Build configuration list for PBXNativeTarget "SuperCoolTests" */;
			buildPhases = (
				3C31788B1CAE0FD900534284 /* Sources */,
				3C31788C1CAE0FD900534284 /* Frameworks */,
				3C31788D1CAE0FD900534284 /* Resources */,
			);
			buildRules = (
			);
			dependencies = (
				3C3178911CAE0FD900534284 /* PBXTargetDependency */,
			);
			name = SuperCoolTests;
			productName = SuperCoolTests;
			productReference = 3C31788F1CAE0FD900534284 /* SuperCoolTests.xctest */;
			productType = "com.apple.product-type.bundle.unit-test";
		};
/* End PBXNativeTarget section */

/* Begin PBXProject section */
		3C3178721CAE0FD800534284 /* Project object */ = {
			isa = PBXProject;
			attributes = {
				LastUpgradeCheck = 0630;
				ORGANIZATIONNAME = "Head Cornerstone, Inc.";
				TargetAttributes = {
					3C3178791CAE0FD800534284 = {
						CreatedOnToolsVersion = 6.3.2;
					};
					3C31788E1CAE0FD900534284 = {
						CreatedOnToolsVersion = 6.3.2;
						TestTargetID = 3C3178791CAE0FD800534284;
					};
				};
			};
			buildConfigurationList = 3C3178751CAE0FD800534284 /* Build configuration list for PBXProject "SuperCool" */;
			compatibilityVersion = "Xcode 3.2";
			developmentRegion = English;
			hasScannedForEncodings = 0;
			knownRegions = (
				en,
				Base,
			);
			mainGroup = 3C3178711CAE0FD800534284;
			productRefGroup = 3C31787B1CAE0FD800534284 /* Products */;
			projectDirPath = "";
			projectRoot = "";
			targets = (
				3C3178791CAE0FD800534284 /* SuperCool */,
				3C31788E1CAE0FD900534284 /* SuperCoolTests */,
			);
		};
/* End PBXProject section */

/* Begin PBXResourcesBuildPhase section */
		3C3178781CAE0FD800534284 /* Resources */ = {
			isa = PBXResourcesBuildPhase;
			buildActionMask = 2147483647;
			files = (
				3C3178851CAE0FD900534284 /* Main.storyboard in Resources */,
				3C31788A1CAE0FD900534284 /* LaunchScreen.xib in Resources */,
				3C3178871CAE0FD900534284 /* Images.xcassets in Resources */,
			);
			runOnlyForDeploymentPostprocessing = 0;
		};
		3C31788D1CAE0FD900534284 /* Resources */ = {
			isa = PBXResourcesBuildPhase;
			buildActionMask = 2147483647;
			files = (
			);
			runOnlyForDeploymentPostprocessing = 0;
		};
/* End PBXResourcesBuildPhase section */

/* Begin PBXSourcesBuildPhase section */
		3C3178761CAE0FD800534284 /* Sources */ = {
			isa = PBXSourcesBuildPhase;
			buildActionMask = 2147483647;
			files = (
				3C3178821CAE0FD900534284 /* ViewController.swift in Sources */,
				3C3178801CAE0FD900534284 /* AppDelegate.swift in Sources */,
			);
			runOnlyForDeploymentPostprocessing = 0;
		};
		3C31788B1CAE0FD900534284 /* Sources */ = {
			isa = PBXSourcesBuildPhase;
			buildActionMask = 2147483647;
			files = (
				3C3178961CAE0FD900534284 /* SuperCoolTests.swift in Sources */,
			);
			runOnlyForDeploymentPostprocessing = 0;
		};
/* End PBXSourcesBuildPhase section */

/* Begin PBXTargetDependency section */
		3C3178911CAE0FD900534284 /* PBXTargetDependency */ = {
			isa = PBXTargetDependency;
			target = 3C3178791CAE0FD800534284 /* SuperCool */;
			targetProxy = 3C3178901CAE0FD900534284 /* PBXContainerItemProxy */;
		};
/* End PBXTargetDependency section */

/* Begin PBXVariantGroup section */
		3C3178831CAE0FD900534284 /* Main.storyboard */ = {
			isa = PBXVariantGroup;
			children = (
				3C3178841CAE0FD900534284 /* Base */,
			);
			name = Main.storyboard;
			sourceTree = "<group>";
		};
		3C3178881CAE0FD900534284 /* LaunchScreen.xib */ = {
			isa = PBXVariantGroup;
			children = (
				3C3178891CAE0FD900534284 /* Base */,
			);
			name = LaunchScreen.xib;
			sourceTree = "<group>";
		};
/* End PBXVariantGroup section */

/* Begin XCBuildConfiguration section */
		3C3178971CAE0FD900534284 /* Debug */ = {
			isa = XCBuildConfiguration;
			buildSettings = {
				ALWAYS_SEARCH_USER_PATHS = NO;
				CLANG_CXX_LANGUAGE_STANDARD = "gnu++0x";
				CLANG_CXX_LIBRARY = "libc++";
				CLANG_ENABLE_MODULES = YES;
				CLANG_ENABLE_OBJC_ARC = YES;
				CLANG_WARN_BOOL_CONVERSION = YES;
				CLANG_WARN_CONSTANT_CONVERSION = YES;
				CLANG_WARN_DIRECT_OBJC_ISA_USAGE = YES_ERROR;
				CLANG_WARN_EMPTY_BODY = YES;
				CLANG_WARN_ENUM_CONVERSION = YES;
				CLANG_WARN_INT_CONVERSION = YES;
				CLANG_WARN_OBJC_ROOT_CLASS = YES_ERROR;
				CLANG_WARN_UNREACHABLE_CODE = YES;
				CLANG_WARN__DUPLICATE_METHOD_MATCH = YES;
				"CODE_SIGN_IDENTITY[sdk=iphoneos*]" = "iPhone Developer";
				COPY_PHASE_STRIP = NO;
				DEBUG_INFORMATION_FORMAT = "dwarf-with-dsym";
				ENABLE_STRICT_OBJC_MSGSEND = YES;
				GCC_C_LANGUAGE_STANDARD = gnu99;
				GCC_DYNAMIC_NO_PIC = NO;
				GCC_NO_COMMON_BLOCKS = YES;
				GCC_OPTIMIZATION_LEVEL = 0;
				GCC_PREPROCESSOR_DEFINITIONS = (
					"DEBUG=1",
					"$(inherited)",
				);
				GCC_SYMBOLS_PRIVATE_EXTERN = NO;
				GCC_WARN_64_TO_32_BIT_CONVERSION = YES;
				GCC_WARN_ABOUT_RETURN_TYPE = YES_ERROR;
				GCC_WARN_UNDECLARED_SELECTOR = YES;
				GCC_WARN_UNINITIALIZED_AUTOS = YES_AGGRESSIVE;
				GCC_WARN_UNUSED_FUNCTION = YES;
				GCC_WARN_UNUSED_VARIABLE = YES;
				IPHONEOS_DEPLOYMENT_TARGET = 8.3;
				MTL_ENABLE_DEBUG_INFO = YES;
				ONLY_ACTIVE_ARCH = YES;
				SDKROOT = iphoneos;
				SWIFT_OPTIMIZATION_LEVEL = "-Onone";
			};
			name = Debug;
		};
		3C3178981CAE0FD900534284 /* Release */ = {
			isa = XCBuildConfiguration;
			buildSettings = {
				ALWAYS_SEARCH_USER_PATHS = NO;
				CLANG_CXX_LANGUAGE_STANDARD = "gnu++0x";
				CLANG_CXX_LIBRARY = "libc++";
				CLANG_ENABLE_MODULES = YES;
				CLANG_ENABLE_OBJC_ARC = YES;
				CLANG_WARN_BOOL_CONVERSION = YES;
				CLANG_WARN_CONSTANT_CONVERSION = YES;
				CLANG_WARN_DIRECT_OBJC_ISA_USAGE = YES_ERROR;
				CLANG_WARN_EMPTY_BODY = YES;
				CLANG_WARN_ENUM_CONVERSION = YES;
				CLANG_WARN_INT_CONVERSION = YES;
				CLANG_WARN_OBJC_ROOT_CLASS = YES_ERROR;
				CLANG_WARN_UNREACHABLE_CODE = YES;
				CLANG_WARN__DUPLICATE_METHOD_MATCH = YES;
				"CODE_SIGN_IDENTITY[sdk=iphoneos*]" = "iPhone Developer";
				COPY_PHASE_STRIP = NO;
				DEBUG_INFORMATION_FORMAT = "dwarf-with-dsym";
				ENABLE_NS_ASSERTIONS = NO;
				ENABLE_STRICT_OBJC_MSGSEND = YES;
				GCC_C_LANGUAGE_STANDARD = gnu99;
				GCC_NO_COMMON_BLOCKS = YES;
				GCC_WARN_64_TO_32_BIT_CONVERSION = YES;
				GCC_WARN_ABOUT_RETURN_TYPE = YES_ERROR;
				GCC_WARN_UNDECLARED_SELECTOR = YES;
				GCC_WARN_UNINITIALIZED_AUTOS = YES_AGGRESSIVE;
				GCC_WARN_UNUSED_FUNCTION = YES;
				GCC_WARN_UNUSED_VARIABLE = YES;
				IPHONEOS_DEPLOYMENT_TARGET = 8.3;
				MTL_ENABLE_DEBUG_INFO = NO;
				SDKROOT = iphoneos;
				VALIDATE_PRODUCT = YES;
			};
			name = Release;
		};
		3C31789A1CAE0FD900534284 /* Debug */ = {
			isa = XCBuildConfiguration;
			buildSettings = {
				ASSETCATALOG_COMPILER_APPICON_NAME = AppIcon;
				INFOPLIST_FILE = SuperCool/Info.plist;
				LD_RUNPATH_SEARCH_PATHS = "$(inherited) @executable_path/Frameworks";
				PRODUCT_NAME = "$(TARGET_NAME)";
			};
			name = Debug;
		};
		3C31789B1CAE0FD900534284 /* Release */ = {
			isa = XCBuildConfiguration;
			buildSettings = {
				ASSETCATALOG_COMPILER_APPICON_NAME = AppIcon;
				INFOPLIST_FILE = SuperCool/Info.plist;
				LD_RUNPATH_SEARCH_PATHS = "$(inherited) @executable_path/Frameworks";
				PRODUCT_NAME = "$(TARGET_NAME)";
			};
			name = Release;
		};
		3C31789D1CAE0FD900534284 /* Debug */ = {
			isa = XCBuildConfiguration;
			buildSettings = {
				BUNDLE_LOADER = "$(TEST_HOST)";
				FRAMEWORK_SEARCH_PATHS = (
					"$(SDKROOT)/Developer/Library/Frameworks",
					"$(inherited)",
				);
				GCC_PREPROCESSOR_DEFINITIONS = (
					"DEBUG=1",
					"$(inherited)",
				);
				INFOPLIST_FILE = SuperCoolTests/Info.plist;
				LD_RUNPATH_SEARCH_PATHS = "$(inherited) @executable_path/Frameworks @loader_path/Frameworks";
				PRODUCT_NAME = "$(TARGET_NAME)";
				TEST_HOST = "$(BUILT_PRODUCTS_DIR)/SuperCool.app/SuperCool";
			};
			name = Debug;
		};
		3C31789E1CAE0FD900534284 /* Release */ = {
			isa = XCBuildConfiguration;
			buildSettings = {
				BUNDLE_LOADER = "$(TEST_HOST)";
				FRAMEWORK_SEARCH_PATHS = (
					"$(SDKROOT)/Developer/Library/Frameworks",
					"$(inherited)",
				);
				INFOPLIST_FILE = SuperCoolTests/Info.plist;
				LD_RUNPATH_SEARCH_PATHS = "$(inherited) @executable_path/Frameworks @loader_path/Frameworks";
				PRODUCT_NAME = "$(TARGET_NAME)";
				TEST_HOST = "$(BUILT_PRODUCTS_DIR)/SuperCool.app/SuperCool";
			};
			name = Release;
		};
/* End XCBuildConfiguration section */

/* Begin XCConfigurationList section */
		3C3178751CAE0FD800534284 /* Build configuration list for PBXProject "SuperCool" */ = {
			isa = XCConfigurationList;
			buildConfigurations = (
				3C3178971CAE0FD900534284 /* Debug */,
				3C3178981CAE0FD900534284 /* Release */,
			);
			defaultConfigurationIsVisible = 0;
			defaultConfigurationName = Release;
		};
		3C3178991CAE0FD900534284 /* Build configuration list for PBXNativeTarget "SuperCool" */ = {
			isa = XCConfigurationList;
			buildConfigurations = (
				3C31789A1CAE0FD900534284 /* Debug */,
				3C31789B1CAE0FD900534284 /* Release */,
			);
			defaultConfigurationIsVisible = 0;
		};
		3C31789C1CAE0FD900534284 /* Build configuration list for PBXNativeTarget "SuperCoolTests" */ = {
			isa = XCConfigurationList;
			buildConfigurations = (
				3C31789D1CAE0FD900534284 /* Debug */,
				3C31789E1CAE0FD900534284 /* Release */,
			);
			defaultConfigurationIsVisible = 0;
		};
/* End XCConfigurationList section */
	};
	rootObject = 3C3178721CAE0FD800534284 /* Project object */;
}
